// !$*UTF8*$!
{
	archiveVersion = 1;
	classes = {
	};
	objectVersion = 50;
	objects = {

/* Begin PBXBuildFile section */
		851EE3AE20AAC8100050BC42 /* AppDelegate.m in Sources */ = {isa = PBXBuildFile; fileRef = 851EE3AD20AAC8100050BC42 /* AppDelegate.m */; };
		851EE3B120AAC8100050BC42 /* ViewController.m in Sources */ = {isa = PBXBuildFile; fileRef = 851EE3B020AAC8100050BC42 /* ViewController.m */; };
		851EE3B420AAC8100050BC42 /* Main.storyboard in Resources */ = {isa = PBXBuildFile; fileRef = 851EE3B220AAC8100050BC42 /* Main.storyboard */; };
		851EE3B620AAC8140050BC42 /* Assets.xcassets in Resources */ = {isa = PBXBuildFile; fileRef = 851EE3B520AAC8140050BC42 /* Assets.xcassets */; };
		851EE3B920AAC8140050BC42 /* LaunchScreen.storyboard in Resources */ = {isa = PBXBuildFile; fileRef = 851EE3B720AAC8140050BC42 /* LaunchScreen.storyboard */; };
		851EE3BC20AAC8140050BC42 /* main.m in Sources */ = {isa = PBXBuildFile; fileRef = 851EE3BB20AAC8140050BC42 /* main.m */; };
		851EE3C420AAC8B70050BC42 /* confuse.sh in Resources */ = {isa = PBXBuildFile; fileRef = 851EE3C220AAC8B60050BC42 /* confuse.sh */; };
		851EE3C520AAC8B70050BC42 /* func.list in Resources */ = {isa = PBXBuildFile; fileRef = 851EE3C320AAC8B60050BC42 /* func.list */; };
/* End PBXBuildFile section */

/* Begin PBXFileReference section */
		851EE3A920AAC8100050BC42 /* DaiMaHunxiao.app */ = {isa = PBXFileReference; explicitFileType = wrapper.application; includeInIndex = 0; path = DaiMaHunxiao.app; sourceTree = BUILT_PRODUCTS_DIR; };
		851EE3AC20AAC8100050BC42 /* AppDelegate.h */ = {isa = PBXFileReference; lastKnownFileType = sourcecode.c.h; path = AppDelegate.h; sourceTree = "<group>"; };
		851EE3AD20AAC8100050BC42 /* AppDelegate.m */ = {isa = PBXFileReference; lastKnownFileType = sourcecode.c.objc; path = AppDelegate.m; sourceTree = "<group>"; };
		851EE3AF20AAC8100050BC42 /* ViewController.h */ = {isa = PBXFileReference; lastKnownFileType = sourcecode.c.h; path = ViewController.h; sourceTree = "<group>"; };
		851EE3B020AAC8100050BC42 /* ViewController.m */ = {isa = PBXFileReference; lastKnownFileType = sourcecode.c.objc; path = ViewController.m; sourceTree = "<group>"; };
		851EE3B320AAC8100050BC42 /* Base */ = {isa = PBXFileReference; lastKnownFileType = file.storyboard; name = Base; path = Base.lproj/Main.storyboard; sourceTree = "<group>"; };
		851EE3B520AAC8140050BC42 /* Assets.xcassets */ = {isa = PBXFileReference; lastKnownFileType = folder.assetcatalog; path = Assets.xcassets; sourceTree = "<group>"; };
		851EE3B820AAC8140050BC42 /* Base */ = {isa = PBXFileReference; lastKnownFileType = file.storyboard; name = Base; path = Base.lproj/LaunchScreen.storyboard; sourceTree = "<group>"; };
		851EE3BA20AAC8140050BC42 /* Info.plist */ = {isa = PBXFileReference; lastKnownFileType = text.plist.xml; path = Info.plist; sourceTree = "<group>"; };
		851EE3BB20AAC8140050BC42 /* main.m */ = {isa = PBXFileReference; lastKnownFileType = sourcecode.c.objc; path = main.m; sourceTree = "<group>"; };
		851EE3C220AAC8B60050BC42 /* confuse.sh */ = {isa = PBXFileReference; fileEncoding = 4; lastKnownFileType = text.script.sh; path = confuse.sh; sourceTree = "<group>"; };
		851EE3C320AAC8B60050BC42 /* func.list */ = {isa = PBXFileReference; fileEncoding = 4; lastKnownFileType = text; path = func.list; sourceTree = "<group>"; };
		851EE3C720AACA040050BC42 /* codeObfuscation.h */ = {isa = PBXFileReference; fileEncoding = 4; lastKnownFileType = sourcecode.c.h; name = codeObfuscation.h; path = DaiMaHunxiao/codeObfuscation.h; sourceTree = "<group>"; };
		851EE3C820AACA230050BC42 /* PrefixHeader.pch */ = {isa = PBXFileReference; lastKnownFileType = sourcecode.c.h; path = PrefixHeader.pch; sourceTree = "<group>"; };
/* End PBXFileReference section */

/* Begin PBXFrameworksBuildPhase section */
		851EE3A620AAC8100050BC42 /* Frameworks */ = {
			isa = PBXFrameworksBuildPhase;
			buildActionMask = 2147483647;
			files = (
			);
			runOnlyForDeploymentPostprocessing = 0;
		};
/* End PBXFrameworksBuildPhase section */

/* Begin PBXGroup section */
		851EE3A020AAC8100050BC42 = {
			isa = PBXGroup;
			children = (
				851EE3C720AACA040050BC42 /* codeObfuscation.h */,
				851EE3C220AAC8B60050BC42 /* confuse.sh */,
				851EE3C320AAC8B60050BC42 /* func.list */,
				851EE3AB20AAC8100050BC42 /* DaiMaHunxiao */,
				851EE3AA20AAC8100050BC42 /* Products */,
			);
			sourceTree = "<group>";
		};
		851EE3AA20AAC8100050BC42 /* Products */ = {
			isa = PBXGroup;
			children = (
				851EE3A920AAC8100050BC42 /* DaiMaHunxiao.app */,
			);
			name = Products;
			sourceTree = "<group>";
		};
		851EE3AB20AAC8100050BC42 /* DaiMaHunxiao */ = {
			isa = PBXGroup;
			children = (
				851EE3AC20AAC8100050BC42 /* AppDelegate.h */,
				851EE3AD20AAC8100050BC42 /* AppDelegate.m */,
				851EE3AF20AAC8100050BC42 /* ViewController.h */,
				851EE3B020AAC8100050BC42 /* ViewController.m */,
				851EE3B220AAC8100050BC42 /* Main.storyboard */,
				851EE3B520AAC8140050BC42 /* Assets.xcassets */,
				851EE3B720AAC8140050BC42 /* LaunchScreen.storyboard */,
				851EE3BA20AAC8140050BC42 /* Info.plist */,
				851EE3BB20AAC8140050BC42 /* main.m */,
				851EE3C820AACA230050BC42 /* PrefixHeader.pch */,
			);
			path = DaiMaHunxiao;
			sourceTree = "<group>";
		};
/* End PBXGroup section */

/* Begin PBXNativeTarget section */
		851EE3A820AAC8100050BC42 /* DaiMaHunxiao */ = {
			isa = PBXNativeTarget;
			buildConfigurationList = 851EE3BF20AAC8140050BC42 /* Build configuration list for PBXNativeTarget "DaiMaHunxiao" */;
			buildPhases = (
				851EE3A520AAC8100050BC42 /* Sources */,
				851EE3A620AAC8100050BC42 /* Frameworks */,
				851EE3A720AAC8100050BC42 /* Resources */,
				851EE3C620AAC9020050BC42 /* ShellScript */,
			);
			buildRules = (
			);
			dependencies = (
			);
			name = DaiMaHunxiao;
			productName = DaiMaHunxiao;
			productReference = 851EE3A920AAC8100050BC42 /* DaiMaHunxiao.app */;
			productType = "com.apple.product-type.application";
		};
/* End PBXNativeTarget section */

/* Begin PBXProject section */
		851EE3A120AAC8100050BC42 /* Project object */ = {
			isa = PBXProject;
			attributes = {
				LastUpgradeCheck = 0930;
				ORGANIZATIONNAME = hua;
				TargetAttributes = {
					851EE3A820AAC8100050BC42 = {
						CreatedOnToolsVersion = 9.3;
					};
				};
			};
			buildConfigurationList = 851EE3A420AAC8100050BC42 /* Build configuration list for PBXProject "DaiMaHunxiao" */;
			compatibilityVersion = "Xcode 9.3";
			developmentRegion = en;
			hasScannedForEncodings = 0;
			knownRegions = (
				en,
				Base,
			);
			mainGroup = 851EE3A020AAC8100050BC42;
			productRefGroup = 851EE3AA20AAC8100050BC42 /* Products */;
			projectDirPath = "";
			projectRoot = "";
			targets = (
				851EE3A820AAC8100050BC42 /* DaiMaHunxiao */,
			);
		};
/* End PBXProject section */

/* Begin PBXResourcesBuildPhase section */
		851EE3A720AAC8100050BC42 /* Resources */ = {
			isa = PBXResourcesBuildPhase;
			buildActionMask = 2147483647;
			files = (
				851EE3B920AAC8140050BC42 /* LaunchScreen.storyboard in Resources */,
				851EE3C520AAC8B70050BC42 /* func.list in Resources */,
				851EE3B620AAC8140050BC42 /* Assets.xcassets in Resources */,
				851EE3C420AAC8B70050BC42 /* confuse.sh in Resources */,
				851EE3B420AAC8100050BC42 /* Main.storyboard in Resources */,
			);
			runOnlyForDeploymentPostprocessing = 0;
		};
/* End PBXResourcesBuildPhase section */

/* Begin PBXShellScriptBuildPhase section */
		851EE3C620AAC9020050BC42 /* ShellScript */ = {
			isa = PBXShellScriptBuildPhase;
			buildActionMask = 2147483647;
			files = (
			);
			inputPaths = (
			);
			outputPaths = (
			);
			runOnlyForDeploymentPostprocessing = 0;
			shellPath = /bin/sh;
			shellScript = $PROJECT_DIR/confuse.sh;
		};
/* End PBXShellScriptBuildPhase section */

/* Begin PBXSourcesBuildPhase section */
		851EE3A520AAC8100050BC42 /* Sources */ = {
			isa = PBXSourcesBuildPhase;
			buildActionMask = 2147483647;
			files = (
				851EE3B120AAC8100050BC42 /* ViewController.m in Sources */,
				851EE3BC20AAC8140050BC42 /* main.m in Sources */,
				851EE3AE20AAC8100050BC42 /* AppDelegate.m in Sources */,
			);
			runOnlyForDeploymentPostprocessing = 0;
		};
/* End PBXSourcesBuildPhase section */

/* Begin PBXVariantGroup section */
		851EE3B220AAC8100050BC42 /* Main.storyboard */ = {
			isa = PBXVariantGroup;
			children = (
				851EE3B320AAC8100050BC42 /* Base */,
			);
			name = Main.storyboard;
			sourceTree = "<group>";
		};
		851EE3B720AAC8140050BC42 /* LaunchScreen.storyboard */ = {
			isa = PBXVariantGroup;
			children = (
				851EE3B820AAC8140050BC42 /* Base */,
			);
			name = LaunchScreen.storyboard;
			sourceTree = "<group>";
		};
/* End PBXVariantGroup section */

/* Begin XCBuildConfiguration section */
		851EE3BD20AAC8140050BC42 /* Debug */ = {
			isa = XCBuildConfiguration;
			buildSettings = {
				ALWAYS_SEARCH_USER_PATHS = NO;
				CLANG_ANALYZER_NONNULL = YES;
				CLANG_ANALYZER_NUMBER_OBJECT_CONVERSION = YES_AGGRESSIVE;
				CLANG_CXX_LANGUAGE_STANDARD = "gnu++14";
				CLANG_CXX_LIBRARY = "libc++";
				CLANG_ENABLE_MODULES = YES;
				CLANG_ENABLE_OBJC_ARC = YES;
				CLANG_ENABLE_OBJC_WEAK = YES;
				CLANG_WARN_BLOCK_CAPTURE_AUTORELEASING = YES;
				CLANG_WARN_BOOL_CONVERSION = YES;
				CLANG_WARN_COMMA = YES;
				CLANG_WARN_CONSTANT_CONVERSION = YES;
				CLANG_WARN_DEPRECATED_OBJC_IMPLEMENTATIONS = YES;
				CLANG_WARN_DIRECT_OBJC_ISA_USAGE = YES_ERROR;
				CLANG_WARN_DOCUMENTATION_COMMENTS = YES;
				CLANG_WARN_EMPTY_BODY = YES;
				CLANG_WARN_ENUM_CONVERSION = YES;
				CLANG_WARN_INFINITE_RECURSION = YES;
				CLANG_WARN_INT_CONVERSION = YES;
				CLANG_WARN_NON_LITERAL_NULL_CONVERSION = YES;
				CLANG_WARN_OBJC_IMPLICIT_RETAIN_SELF = YES;
				CLANG_WARN_OBJC_LITERAL_CONVERSION = YES;
				CLANG_WARN_OBJC_ROOT_CLASS = YES_ERROR;
				CLANG_WARN_RANGE_LOOP_ANALYSIS = YES;
				CLANG_WARN_STRICT_PROTOTYPES = YES;
				CLANG_WARN_SUSPICIOUS_MOVE = YES;
				CLANG_WARN_UNGUARDED_AVAILABILITY = YES_AGGRESSIVE;
				CLANG_WARN_UNREACHABLE_CODE = YES;
				CLANG_WARN__DUPLICATE_METHOD_MATCH = YES;
				CODE_SIGN_IDENTITY = "iPhone Developer";
				COPY_PHASE_STRIP = NO;
				DEBUG_INFORMATION_FORMAT = dwarf;
				ENABLE_STRICT_OBJC_MSGSEND = YES;
				ENABLE_TESTABILITY = YES;
				GCC_C_LANGUAGE_STANDARD = gnu11;
				GCC_DYNAMIC_NO_PIC = NO;
				GCC_NO_COMMON_BLOCKS = YES;
				GCC_OPTIMIZATION_LEVEL = 0;
				GCC_PREPROCESSOR_DEFINITIONS = (
					"DEBUG=1",
					"$(inherited)",
				);
				GCC_WARN_64_TO_32_BIT_CONVERSION = YES;
				GCC_WARN_ABOUT_RETURN_TYPE = YES_ERROR;
				GCC_WARN_UNDECLARED_SELECTOR = YES;
				GCC_WARN_UNINITIALIZED_AUTOS = YES_AGGRESSIVE;
				GCC_WARN_UNUSED_FUNCTION = YES;
				GCC_WARN_UNUSED_VARIABLE = YES;
				IPHONEOS_DEPLOYMENT_TARGET = 11.3;
				MTL_ENABLE_DEBUG_INFO = YES;
				ONLY_ACTIVE_ARCH = YES;
				SDKROOT = iphoneos;
			};
			name = Debug;
		};
		851EE3BE20AAC8140050BC42 /* Release */ = {
			isa = XCBuildConfiguration;
			buildSettings = {
				ALWAYS_SEARCH_USER_PATHS = NO;
				CLANG_ANALYZER_NONNULL = YES;
				CLANG_ANALYZER_NUMBER_OBJECT_CONVERSION = YES_AGGRESSIVE;
				CLANG_CXX_LANGUAGE_STANDARD = "gnu++14";
				CLANG_CXX_LIBRARY = "libc++";
				CLANG_ENABLE_MODULES = YES;
				CLANG_ENABLE_OBJC_ARC = YES;
				CLANG_ENABLE_OBJC_WEAK = YES;
				CLANG_WARN_BLOCK_CAPTURE_AUTORELEASING = YES;
				CLANG_WARN_BOOL_CONVERSION = YES;
				CLANG_WARN_COMMA = YES;
				CLANG_WARN_CONSTANT_CONVERSION = YES;
				CLANG_WARN_DEPRECATED_OBJC_IMPLEMENTATIONS = YES;
				CLANG_WARN_DIRECT_OBJC_ISA_USAGE = YES_ERROR;
				CLANG_WARN_DOCUMENTATION_COMMENTS = YES;
				CLANG_WARN_EMPTY_BODY = YES;
				CLANG_WARN_ENUM_CONVERSION = YES;
				CLANG_WARN_INFINITE_RECURSION = YES;
				CLANG_WARN_INT_CONVERSION = YES;
				CLANG_WARN_NON_LITERAL_NULL_CONVERSION = YES;
				CLANG_WARN_OBJC_IMPLICIT_RETAIN_SELF = YES;
				CLANG_WARN_OBJC_LITERAL_CONVERSION = YES;
				CLANG_WARN_OBJC_ROOT_CLASS = YES_ERROR;
				CLANG_WARN_RANGE_LOOP_ANALYSIS = YES;
				CLANG_WARN_STRICT_PROTOTYPES = YES;
				CLANG_WARN_SUSPICIOUS_MOVE = YES;
				CLANG_WARN_UNGUARDED_AVAILABILITY = YES_AGGRESSIVE;
				CLANG_WARN_UNREACHABLE_CODE = YES;
				CLANG_WARN__DUPLICATE_METHOD_MATCH = YES;
				CODE_SIGN_IDENTITY = "iPhone Developer";
				COPY_PHASE_STRIP = NO;
				DEBUG_INFORMATION_FORMAT = "dwarf-with-dsym";
				ENABLE_NS_ASSERTIONS = NO;
				ENABLE_STRICT_OBJC_MSGSEND = YES;
				GCC_C_LANGUAGE_STANDARD = gnu11;
				GCC_NO_COMMON_BLOCKS = YES;
				GCC_WARN_64_TO_32_BIT_CONVERSION = YES;
				GCC_WARN_ABOUT_RETURN_TYPE = YES_ERROR;
				GCC_WARN_UNDECLARED_SELECTOR = YES;
				GCC_WARN_UNINITIALIZED_AUTOS = YES_AGGRESSIVE;
				GCC_WARN_UNUSED_FUNCTION = YES;
				GCC_WARN_UNUSED_VARIABLE = YES;
				IPHONEOS_DEPLOYMENT_TARGET = 11.3;
				MTL_ENABLE_DEBUG_INFO = NO;
				SDKROOT = iphoneos;
				VALIDATE_PRODUCT = YES;
			};
			name = Release;
		};
		851EE3C020AAC8140050BC42 /* Debug */ = {
			isa = XCBuildConfiguration;
			buildSettings = {
				ASSETCATALOG_COMPILER_APPICON_NAME = AppIcon;
				CODE_SIGN_STYLE = Automatic;
				DEVELOPMENT_TEAM = MLUDXTVLN9;
				GCC_PREFIX_HEADER = "$(SRCROOT)/DaiMaHunxiao/PrefixHeader.pch";
				INFOPLIST_FILE = DaiMaHunxiao/Info.plist;
				LD_RUNPATH_SEARCH_PATHS = (
					"$(inherited)",
					"@executable_path/Frameworks",
				);
				PRODUCT_BUNDLE_IDENTIFIER = aa.DaiMaHunxiao;
				PRODUCT_NAME = "$(TARGET_NAME)";
				TARGETED_DEVICE_FAMILY = "1,2";
			};
			name = Debug;
		};
		851EE3C120AAC8140050BC42 /* Release */ = {
			isa = XCBuildConfiguration;
			buildSettings = {
				ASSETCATALOG_COMPILER_APPICON_NAME = AppIcon;
				CODE_SIGN_STYLE = Automatic;
				DEVELOPMENT_TEAM = MLUDXTVLN9;
				GCC_PREFIX_HEADER = "$(SRCROOT)/DaiMaHunxiao/PrefixHeader.pch";
				INFOPLIST_FILE = DaiMaHunxiao/Info.plist;
				LD_RUNPATH_SEARCH_PATHS = (
					"$(inherited)",
					"@executable_path/Frameworks",
				);
				PRODUCT_BUNDLE_IDENTIFIER = aa.DaiMaHunxiao;
				PRODUCT_NAME = "$(TARGET_NAME)";
				TARGETED_DEVICE_FAMILY = "1,2";
			};
			name = Release;
		};
/* End XCBuildConfiguration section */

/* Begin XCConfigurationList section */
		851EE3A420AAC8100050BC42 /* Build configuration list for PBXProject "DaiMaHunxiao" */ = {
			isa = XCConfigurationList;
			buildConfigurations = (
				851EE3BD20AAC8140050BC42 /* Debug */,
				851EE3BE20AAC8140050BC42 /* Release */,
			);
			defaultConfigurationIsVisible = 0;
			defaultConfigurationName = Release;
		};
		851EE3BF20AAC8140050BC42 /* Build configuration list for PBXNativeTarget "DaiMaHunxiao" */ = {
			isa = XCConfigurationList;
			buildConfigurations = (
				851EE3C020AAC8140050BC42 /* Debug */,
				851EE3C120AAC8140050BC42 /* Release */,
			);
			defaultConfigurationIsVisible = 0;
			defaultConfigurationName = Release;
		};
/* End XCConfigurationList section */
	};
	rootObject = 851EE3A120AAC8100050BC42 /* Project object */;
}
